
Microsoft Visual Studio Solution File, Format Version 12.00
# Visual Studio Version 16
VisualStudioVersion = 16.0.32228.343
MinimumVisualStudioVersion = 10.0.40219.1
Project("{2150E333-8FDC-42A3-9474-1A3956D46DE8}") = "Enterprise Bussines Rules", "Enterprise Bussines Rules", "{8CDC863B-B492-406D-BA17-00E738F365CC}"
EndProject
Project("{2150E333-8FDC-42A3-9474-1A3956D46DE8}") = "Application Bussines Rules", "Application Bussines Rules", "{504E9DBA-C031-4347-8EC8-C422908F81F6}"
EndProject
Project("{2150E333-8FDC-42A3-9474-1A3956D46DE8}") = "Interface Adapters", "Interface Adapters", "{4C86F48E-3C4D-428D-8B81-A44A02096685}"
EndProject
Project("{2150E333-8FDC-42A3-9474-1A3956D46DE8}") = "Frameworks And Drivers", "Frameworks And Drivers", "{8F262A6D-1B4F-42EC-9CBC-FE085CCD0C37}"
EndProject
Project("{9A19103F-16F7-4668-BE54-9A1E7A4F7556}") = "perfilTicNetProducts.Entities", "perfilTicNetProducts.Entities\perfilTicNetProducts.Entities.csproj", "{50D58BED-78BB-4A36-B1DC-0D7817AF2C25}"
EndProject
Project("{2150E333-8FDC-42A3-9474-1A3956D46DE8}") = "Gateways", "Gateways", "{2C513FA6-89E7-4E14-877B-238179EB989D}"
EndProject
Project("{9A19103F-16F7-4668-BE54-9A1E7A4F7556}") = "PerfilTicNetProducts.Repository", "PerfilTicNetProducts.Repository\PerfilTicNetProducts.Repository.csproj", "{23E000F8-29DB-4E56-9F74-FA9E13A85A89}"
EndProject
Project("{9A19103F-16F7-4668-BE54-9A1E7A4F7556}") = "PerfilTicNetProduct.DTOs", "PerfilTicNetProduct.DTOs\PerfilTicNetProduct.DTOs.csproj", "{3B78C97F-4BE1-4737-8DEA-5D0EDDCE46AE}"
EndProject
Project("{9A19103F-16F7-4668-BE54-9A1E7A4F7556}") = "PerfilTicNetProduct.UseCasesPorts", "PerfilTicNetProduct.UseCasesPorts\PerfilTicNetProduct.UseCasesPorts.csproj", "{20454BAE-3915-4143-96AA-F98B603C20FA}"
EndProject
Project("{9A19103F-16F7-4668-BE54-9A1E7A4F7556}") = "PerfilTicNetProduct.UseCases", "PerfilTicNetProduct.UseCases\PerfilTicNetProduct.UseCases.csproj", "{B402FCCB-49BD-4704-9331-11F406A48A78}"
EndProject
Project("{2150E333-8FDC-42A3-9474-1A3956D46DE8}") = "Presenters", "Presenters", "{5B1F7828-594F-47FA-8079-F86AB79E48FF}"
EndProject
Project("{9A19103F-16F7-4668-BE54-9A1E7A4F7556}") = "PerfiltTicNetProduct.Presenters", "PerfiltTicNetProduct.Presenters\PerfiltTicNetProduct.Presenters.csproj", "{8991E79F-3F74-4E10-9197-C93B053D4F89}"
EndProject
Project("{2150E333-8FDC-42A3-9474-1A3956D46DE8}") = "Controllers", "Controllers", "{F7693ABD-8EDD-44DE-A589-6E12BC073B3F}"
EndProject
Project("{9A19103F-16F7-4668-BE54-9A1E7A4F7556}") = "PerfilTicNetProduct.Controllers", "PerfilTicNetProduct.Controllers\PerfilTicNetProduct.Controllers.csproj", "{6CB3B491-BEB6-4542-BDCD-EF37B94D3C94}"
EndProject
Project("{9A19103F-16F7-4668-BE54-9A1E7A4F7556}") = "PerfilTicNetProducts.IoC", "PerfilTicNetProducts.IoC\PerfilTicNetProducts.IoC.csproj", "{1C11706D-E89F-4AB7-A143-B9C8589EFA11}"
EndProject
Project("{2150E333-8FDC-42A3-9474-1A3956D46DE8}") = "UIs", "UIs", "{2C150BAF-1225-411A-A09B-054D0A12A333}"
EndProject
Project("{9A19103F-16F7-4668-BE54-9A1E7A4F7556}") = "PerfilTicNetProduct.Api", "PerfilTicNetProduct.Api\PerfilTicNetProduct.Api.csproj", "{46374CB9-7DDB-42B9-88B5-E5D58D75A390}"
EndProject
Project("{FAE04EC0-301F-11D3-BF4B-00C04F79EFBC}") = "perfilTicNetProducts.RepositoryHttp", "perfilTicNetProducts.RepositoryHttp\perfilTicNetProducts.RepositoryHttp.csproj", "{ADF78758-25EE-4174-9CF5-5F547331034F}"
EndProject
Global
	GlobalSection(SolutionConfigurationPlatforms) = preSolution
		Debug|Any CPU = Debug|Any CPU
		Release|Any CPU = Release|Any CPU
	EndGlobalSection
	GlobalSection(ProjectConfigurationPlatforms) = postSolution
		{50D58BED-78BB-4A36-B1DC-0D7817AF2C25}.Debug|Any CPU.ActiveCfg = Debug|Any CPU
		{50D58BED-78BB-4A36-B1DC-0D7817AF2C25}.Debug|Any CPU.Build.0 = Debug|Any CPU
		{50D58BED-78BB-4A36-B1DC-0D7817AF2C25}.Release|Any CPU.ActiveCfg = Release|Any CPU
		{50D58BED-78BB-4A36-B1DC-0D7817AF2C25}.Release|Any CPU.Build.0 = Release|Any CPU
		{23E000F8-29DB-4E56-9F74-FA9E13A85A89}.Debug|Any CPU.ActiveCfg = Debug|Any CPU
		{23E000F8-29DB-4E56-9F74-FA9E13A85A89}.Debug|Any CPU.Build.0 = Debug|Any CPU
		{23E000F8-29DB-4E56-9F74-FA9E13A85A89}.Release|Any CPU.ActiveCfg = Release|Any CPU
		{23E000F8-29DB-4E56-9F74-FA9E13A85A89}.Release|Any CPU.Build.0 = Release|Any CPU
		{3B78C97F-4BE1-4737-8DEA-5D0EDDCE46AE}.Debug|Any CPU.ActiveCfg = Debug|Any CPU
		{3B78C97F-4BE1-4737-8DEA-5D0EDDCE46AE}.Debug|Any CPU.Build.0 = Debug|Any CPU
		{3B78C97F-4BE1-4737-8DEA-5D0EDDCE46AE}.Release|Any CPU.ActiveCfg = Release|Any CPU
		{3B78C97F-4BE1-4737-8DEA-5D0EDDCE46AE}.Release|Any CPU.Build.0 = Release|Any CPU
		{20454BAE-3915-4143-96AA-F98B603C20FA}.Debug|Any CPU.ActiveCfg = Debug|Any CPU
		{20454BAE-3915-4143-96AA-F98B603C20FA}.Debug|Any CPU.Build.0 = Debug|Any CPU
		{20454BAE-3915-4143-96AA-F98B603C20FA}.Release|Any CPU.ActiveCfg = Release|Any CPU
		{20454BAE-3915-4143-96AA-F98B603C20FA}.Release|Any CPU.Build.0 = Release|Any CPU
		{B402FCCB-49BD-4704-9331-11F406A48A78}.Debug|Any CPU.ActiveCfg = Debug|Any CPU
		{B402FCCB-49BD-4704-9331-11F406A48A78}.Debug|Any CPU.Build.0 = Debug|Any CPU
		{B402FCCB-49BD-4704-9331-11F406A48A78}.Release|Any CPU.ActiveCfg = Release|Any CPU
		{B402FCCB-49BD-4704-9331-11F406A48A78}.Release|Any CPU.Build.0 = Release|Any CPU
		{8991E79F-3F74-4E10-9197-C93B053D4F89}.Debug|Any CPU.ActiveCfg = Debug|Any CPU
		{8991E79F-3F74-4E10-9197-C93B053D4F89}.Debug|Any CPU.Build.0 = Debug|Any CPU
		{8991E79F-3F74-4E10-9197-C93B053D4F89}.Release|Any CPU.ActiveCfg = Release|Any CPU
		{8991E79F-3F74-4E10-9197-C93B053D4F89}.Release|Any CPU.Build.0 = Release|Any CPU
		{6CB3B491-BEB6-4542-BDCD-EF37B94D3C94}.Debug|Any CPU.ActiveCfg = Debug|Any CPU
		{6CB3B491-BEB6-4542-BDCD-EF37B94D3C94}.Debug|Any CPU.Build.0 = Debug|Any CPU
		{6CB3B491-BEB6-4542-BDCD-EF37B94D3C94}.Release|Any CPU.ActiveCfg = Release|Any CPU
		{6CB3B491-BEB6-4542-BDCD-EF37B94D3C94}.Release|Any CPU.Build.0 = Release|Any CPU
		{1C11706D-E89F-4AB7-A143-B9C8589EFA11}.Debug|Any CPU.ActiveCfg = Debug|Any CPU
		{1C11706D-E89F-4AB7-A143-B9C8589EFA11}.Debug|Any CPU.Build.0 = Debug|Any CPU
		{1C11706D-E89F-4AB7-A143-B9C8589EFA11}.Release|Any CPU.ActiveCfg = Release|Any CPU
		{1C11706D-E89F-4AB7-A143-B9C8589EFA11}.Release|Any CPU.Build.0 = Release|Any CPU
		{46374CB9-7DDB-42B9-88B5-E5D58D75A390}.Debug|Any CPU.ActiveCfg = Debug|Any CPU
		{46374CB9-7DDB-42B9-88B5-E5D58D75A390}.Debug|Any CPU.Build.0 = Debug|Any CPU
		{46374CB9-7DDB-42B9-88B5-E5D58D75A390}.Release|Any CPU.ActiveCfg = Release|Any CPU
		{46374CB9-7DDB-42B9-88B5-E5D58D75A390}.Release|Any CPU.Build.0 = Release|Any CPU
		{ADF78758-25EE-4174-9CF5-5F547331034F}.Debug|Any CPU.ActiveCfg = Debug|Any CPU
		{ADF78758-25EE-4174-9CF5-5F547331034F}.Debug|Any CPU.Build.0 = Debug|Any CPU
		{ADF78758-25EE-4174-9CF5-5F547331034F}.Release|Any CPU.ActiveCfg = Release|Any CPU
		{ADF78758-25EE-4174-9CF5-5F547331034F}.Release|Any CPU.Build.0 = Release|Any CPU
	EndGlobalSection
	GlobalSection(SolutionProperties) = preSolution
		HideSolutionNode = FALSE
	EndGlobalSection
	GlobalSection(NestedProjects) = preSolution
		{50D58BED-78BB-4A36-B1DC-0D7817AF2C25} = {8CDC863B-B492-406D-BA17-00E738F365CC}
		{2C513FA6-89E7-4E14-877B-238179EB989D} = {4C86F48E-3C4D-428D-8B81-A44A02096685}
		{23E000F8-29DB-4E56-9F74-FA9E13A85A89} = {2C513FA6-89E7-4E14-877B-238179EB989D}
		{3B78C97F-4BE1-4737-8DEA-5D0EDDCE46AE} = {504E9DBA-C031-4347-8EC8-C422908F81F6}
		{20454BAE-3915-4143-96AA-F98B603C20FA} = {504E9DBA-C031-4347-8EC8-C422908F81F6}
		{B402FCCB-49BD-4704-9331-11F406A48A78} = {504E9DBA-C031-4347-8EC8-C422908F81F6}
		{5B1F7828-594F-47FA-8079-F86AB79E48FF} = {4C86F48E-3C4D-428D-8B81-A44A02096685}
		{8991E79F-3F74-4E10-9197-C93B053D4F89} = {5B1F7828-594F-47FA-8079-F86AB79E48FF}
		{F7693ABD-8EDD-44DE-A589-6E12BC073B3F} = {4C86F48E-3C4D-428D-8B81-A44A02096685}
		{6CB3B491-BEB6-4542-BDCD-EF37B94D3C94} = {F7693ABD-8EDD-44DE-A589-6E12BC073B3F}
		{1C11706D-E89F-4AB7-A143-B9C8589EFA11} = {2C513FA6-89E7-4E14-877B-238179EB989D}
		{2C150BAF-1225-411A-A09B-054D0A12A333} = {8F262A6D-1B4F-42EC-9CBC-FE085CCD0C37}
		{46374CB9-7DDB-42B9-88B5-E5D58D75A390} = {2C150BAF-1225-411A-A09B-054D0A12A333}
		{ADF78758-25EE-4174-9CF5-5F547331034F} = {2C513FA6-89E7-4E14-877B-238179EB989D}
	EndGlobalSection
	GlobalSection(ExtensibilityGlobals) = postSolution
		SolutionGuid = {8E95CFDF-599E-4854-91FC-C8DD7158548A}
	EndGlobalSection
EndGlobal
